
Microsoft Visual Studio Solution File, Format Version 12.00
# Visual Studio Version 17
VisualStudioVersion = 17.11.35327.3
MinimumVisualStudioVersion = 10.0.40219.1
Project("{FAE04EC0-301F-11D3-BF4B-00C04F79EFBC}") = "ProyectHotelSol", "ProyectHotelSol\ProyectHotelSol.csproj", "{C6D74DE0-FAC0-437B-9309-4C9C40874C4C}"
EndProject
Global
	GlobalSection(SolutionConfigurationPlatforms) = preSolution
		Debug|Any CPU = Debug|Any CPU
		Release|Any CPU = Release|Any CPU
	EndGlobalSection
	GlobalSection(ProjectConfigurationPlatforms) = postSolution
		{C6D74DE0-FAC0-437B-9309-4C9C40874C4C}.Debug|Any CPU.ActiveCfg = Debug|Any CPU
		{C6D74DE0-FAC0-437B-9309-4C9C40874C4C}.Debug|Any CPU.Build.0 = Debug|Any CPU
		{C6D74DE0-FAC0-437B-9309-4C9C40874C4C}.Release|Any CPU.ActiveCfg = Release|Any CPU
		{C6D74DE0-FAC0-437B-9309-4C9C40874C4C}.Release|Any CPU.Build.0 = Release|Any CPU
	EndGlobalSection
	GlobalSection(SolutionProperties) = preSolution
		HideSolutionNode = FALSE
	EndGlobalSection
	GlobalSection(ExtensibilityGlobals) = postSolution
		SolutionGuid = {907E3ACC-9841-4425-8031-427125E3BAC1}
	EndGlobalSection
EndGlobal
